{
  "name": "hack-wild",
  "version": "1.0.0",
  "lockfileVersion": 1,
  "requires": true,
  "dependencies": {
    "bootstrap-nucleus": {
      "version": "1.2.0",
      "resolved": "https://registry.npmjs.org/bootstrap-nucleus/-/bootstrap-nucleus-1.2.0.tgz",
      "integrity": "sha512-wg0PqQfDT1uoXyHgOEDmXAnOHsPoZhwoaUL/BRrI1MQnbFZ9o4O5f/Bpv1eX6o55cMVmT4jxRRY8Qmt3uYFvKA=="
    }
  }
}
