{
  "name": "hack-wild",
  "version": "1.0.0",
  "lockfileVersion": 1,
  "requires": true,
  "dependencies": {
    "bootstrap-nucleus": {
      "version": "1.3.0",
      "resolved": "https://registry.npmjs.org/bootstrap-nucleus/-/bootstrap-nucleus-1.3.0.tgz",
      "integrity": "sha512-3Ouw3KzDWcgvzXlTVmvplXC53//PkxfgrULIpHpxnDbAp00KEg/GBqJBP6f5N1N9fnvlR/WemTfOOrg4VkYs8A=="
    }
  }
}
